# This file is autogenerated, do not edit; changes may be undone by the next 'dep ensure'.


[[projects]]
  digest = "1:0deddd908b6b4b768cfc272c16ee61e7088a60f7fe2f06c547bd3d8e1f8b8e77"
  name = "github.com/davecgh/go-spew"
  packages = ["spew"]
  pruneopts = ""
  revision = "8991bc29aa16c548c550c7ff78260e27b9ab7c73"
  version = "v1.1.1"

[[projects]]
  digest = "1:6a874e3ddfb9db2b42bd8c85b6875407c702fa868eed20634ff489bc896ccfd3"
  name = "github.com/konsorten/go-windows-terminal-sequences"
  packages = ["."]
  pruneopts = ""
  revision = "5c8c8bd35d3832f5d134ae1e1e375b69a4d25242"
  version = "v1.0.1"

[[projects]]
  digest = "1:256484dbbcd271f9ecebc6795b2df8cad4c458dd0f5fd82a8c2fa0c29f233411"
  name = "github.com/pmezard/go-difflib"
  packages = ["difflib"]
  pruneopts = ""
  revision = "792786c7400a136282c1664665ae0a8db921c6c2"
  version = "v1.0.0"

[[projects]]
  digest = "1:9d57e200ef5ccc4217fe0a34287308bac652435e7c6513f6263e0493d2245c56"
  name = "github.com/sirupsen/logrus"
  packages = ["."]
  pruneopts = ""
  revision = "bcd833dfe83d3cebad139e4a29ed79cb2318bf95"
  version = "v1.2.0"

[[projects]]
  digest = "1:c587772fb8ad29ad4db67575dad25ba17a51f072ff18a22b4f0257a4d9c24f75"
  name = "github.com/stretchr/testify"
  packages = [
    "assert",
    "require",
  ]
  pruneopts = ""
  revision = "f35b8ab0b5a2cef36673838d662e249dd9c94686"
  version = "v1.2.2"

[[projects]]
  branch = "master"
  digest = "1:52cfc16d4fc39fd1d779c9b52e391c7b2a31537b722d38aa9cca0f33d88d62ef"
  name = "golang.org/x/crypto"
  packages = ["ssh/terminal"]
  pruneopts = ""
  revision = "eb0de9b17e854e9b1ccd9963efafc79862359959"

[[projects]]
  branch = "master"
  digest = "1:f358024b019f87eecaadcb098113a40852c94fe58ea670ef3c3e2d2c7bd93db1"
  name = "golang.org/x/sys"
  packages = [
    "unix",
    "windows",
  ]
  pruneopts = ""
  revision = "4ed8d59d0b35e1e29334a206d1b3f38b1e5dfb31"

[[projects]]
  branch = "master"
  digest = "1:71f4cad8dfc029bbd82106b45ce066edbb7c639e3686ac478f136b732231e162"
  name = "golang.org/x/text"
  packages = [
    "encoding",
    "encoding/charmap",
    "encoding/internal",
    "encoding/internal/identifier",
    "internal/gen",
    "transform",
    "unicode/cldr",
  ]
  pruneopts = ""
  revision = "6f44c5a2ea40ee3593d98cdcc905cc1fdaa660e2"

[solve-meta]
  analyzer-name = "dep"
  analyzer-version = 1
  input-imports = [
    "github.com/sirupsen/logrus",
    "github.com/stretchr/testify/assert",
    "github.com/stretchr/testify/require",
    "golang.org/x/text/encoding",
    "golang.org/x/text/encoding/charmap",
  ]
  solver-name = "gps-cdcl"
  solver-version = 1
